
Microsoft Visual Studio Solution File, Format Version 12.00
# Visual Studio Version 16
VisualStudioVersion = 16.0.29324.140
MinimumVisualStudioVersion = 10.0.40219.1
Project("{FAE04EC0-301F-11D3-BF4B-00C04F79EFBC}") = "HangfireInAzureTemp", "HangfireInAzureTemp\HangfireInAzureTemp.csproj", "{4B2CFE04-E342-41FF-934D-31AF01A2262E}"
EndProject
Project("{9A19103F-16F7-4668-BE54-9A1E7A4F7556}") = "HangfireInAzure", "HangfireInAzure\HangfireInAzure.csproj", "{7921615C-E163-4139-9DCB-06EABC8C760D}"
EndProject
Global
	GlobalSection(SolutionConfigurationPlatforms) = preSolution
		Debug|Any CPU = Debug|Any CPU
		Release|Any CPU = Release|Any CPU
	EndGlobalSection
	GlobalSection(ProjectConfigurationPlatforms) = postSolution
		{4B2CFE04-E342-41FF-934D-31AF01A2262E}.Debug|Any CPU.ActiveCfg = Debug|Any CPU
		{4B2CFE04-E342-41FF-934D-31AF01A2262E}.Debug|Any CPU.Build.0 = Debug|Any CPU
		{4B2CFE04-E342-41FF-934D-31AF01A2262E}.Release|Any CPU.ActiveCfg = Release|Any CPU
		{4B2CFE04-E342-41FF-934D-31AF01A2262E}.Release|Any CPU.Build.0 = Release|Any CPU
		{7921615C-E163-4139-9DCB-06EABC8C760D}.Debug|Any CPU.ActiveCfg = Debug|Any CPU
		{7921615C-E163-4139-9DCB-06EABC8C760D}.Debug|Any CPU.Build.0 = Debug|Any CPU
		{7921615C-E163-4139-9DCB-06EABC8C760D}.Release|Any CPU.ActiveCfg = Release|Any CPU
		{7921615C-E163-4139-9DCB-06EABC8C760D}.Release|Any CPU.Build.0 = Release|Any CPU
	EndGlobalSection
	GlobalSection(SolutionProperties) = preSolution
		HideSolutionNode = FALSE
	EndGlobalSection
	GlobalSection(ExtensibilityGlobals) = postSolution
		SolutionGuid = {9E57E4A7-BA11-407D-871E-F724EBEADDAF}
	EndGlobalSection
EndGlobal
